dependencies:
  chmorgan/esp-libhelix-mp3:
    component_hash: cbb76089dc2c5749f7b470e2e70aedc44c9da519e04eb9a67d4c7ec275229e53
    dependencies:
    - name: idf
      registry_url: https://components.espressif.com
      require: private
      version: '>=4.1.0'
    source:
      registry_url: https://components.espressif.com
      type: service
    version: 1.0.3
  espressif/arduino-esp32:
    component_hash: 24d09ebaba2990281cb54ac3e0ba8fcdd8511c16b24114a4040476ece2949643
    dependencies:
    - name: chmorgan/esp-libhelix-mp3
      registry_url: https://components.espressif.com
      require: private
      version: 1.0.3
    - name: espressif/cbor
      registry_url: https://components.espressif.com
      require: private
      rules:
      - if: target not in [esp32c2, esp32p4]
      version: 0.6.0~1
    - name: espressif/esp-dsp
      registry_url: https://components.espressif.com
      require: private
      rules:
      - if: target != esp32c2
      version: ^1.3.4
    - name: espressif/esp-modbus
      registry_url: https://components.espressif.com
      require: private
      version: ^1.0.15
    - name: espressif/esp-zboss-lib
      registry_url: https://components.espressif.com
      require: private
      rules:
      - if: target not in [esp32c2, esp32p4]
      version: ==1.6.3
    - name: espressif/esp-zigbee-lib
      registry_url: https://components.espressif.com
      require: private
      rules:
      - if: target not in [esp32c2, esp32p4]
      version: ==1.6.3
    - name: espressif/esp_diag_data_store
      registry_url: https://components.espressif.com
      require: private
      rules:
      - if: target not in [esp32c2, esp32p4]
      version: 1.0.2
    - name: espressif/esp_diagnostics
      registry_url: https://components.espressif.com
      require: private
      rules:
      - if: target not in [esp32c2, esp32p4]
      version: 1.2.1
    - name: espressif/esp_insights
      registry_url: https://components.espressif.com
      require: private
      rules:
      - if: target not in [esp32c2, esp32p4]
      version: 1.2.2
    - name: espressif/esp_modem
      registry_url: https://components.espressif.com
      require: private
      version: ^1.1.0
    - name: espressif/esp_rainmaker
      registry_url: https://components.espressif.com
      require: private
      rules:
      - if: target not in [esp32c2, esp32p4]
      version: 1.5.2
    - name: espressif/libsodium
      registry_url: https://components.espressif.com
      require: private
      version: ^1.0.20~1
    - name: espressif/mdns
      registry_url: https://components.espressif.com
      require: private
      version: ^1.2.3
    - name: espressif/network_provisioning
      registry_url: https://components.espressif.com
      require: private
      version: 1.0.2
    - name: espressif/qrcode
      registry_url: https://components.espressif.com
      require: private
      rules:
      - if: target not in [esp32c2, esp32p4]
      version: 0.1.0~2
    - name: espressif/rmaker_common
      registry_url: https://components.espressif.com
      require: private
      rules:
      - if: target not in [esp32c2, esp32p4]
      version: 1.4.6
    - name: idf
      require: private
      version: '>=5.3,<5.5'
    - name: joltwallet/littlefs
      registry_url: https://components.espressif.com
      require: private
      version: ^1.10.2
    source:
      registry_url: https://components.espressif.com/
      type: service
    targets:
    - esp32
    - esp32s2
    - esp32s3
    - esp32c2
    - esp32c3
    - esp32c6
    - esp32h2
    - esp32p4
    version: 3.2.0
  espressif/cbor:
    component_hash: 440f4ee4504841cc9b4f3a8ef755776a612ac9dace355514c68b999868f990ff
    dependencies:
    - name: idf
      registry_url: https://components.espressif.com
      require: private
      version: '>=4.3'
    source:
      registry_url: https://components.espressif.com
      type: service
    version: 0.6.0~1
  espressif/esp-dsp:
    component_hash: ed9ac175b14e0414399a2b33c525579414b5bad19a2a67b12ea212def96f9a98
    dependencies:
    - name: idf
      require: private
      version: '>=4.2'
    source:
      registry_url: https://components.espressif.com
      type: service
    version: 1.8.2
  espressif/esp-modbus:
    component_hash: 5d5e90b9e55721a8a194b301ad8102d4affb647f47b74cd413ff7d1ce2c1169c
    dependencies:
    - name: idf
      require: private
      version: '>=4.3'
    source:
      registry_url: https://components.espressif.com
      type: service
    version: 1.0.18
  espressif/esp-zboss-lib:
    component_hash: 2a2256a8d20e5ade59a8e084760c84faa87dc9332523afcb6e245a744420839a
    dependencies:
    - name: idf
      require: private
      version: '>=5.0'
    source:
      registry_url: https://components.espressif.com
      type: service
    version: 1.6.3
  espressif/esp-zigbee-lib:
    component_hash: 73112d38839c7460bd713f9e3a5b2baeab351ee01a4b9091c7df8b50ce524947
    dependencies:
    - name: idf
      require: private
      version: '>=5.0'
    source:
      registry_url: https://components.espressif.com
      type: service
    version: 1.6.3
  espressif/esp_diag_data_store:
    component_hash: c1e5cf62f545d2b136db299f4df1b228b9840be5bc3410c9ad2d2a882b5c0d64
    dependencies:
    - name: idf
      registry_url: https://components.espressif.com
      require: private
      version: '>=4.1'
    source:
      registry_url: https://components.espressif.com
      type: service
    version: 1.0.2
  espressif/esp_diagnostics:
    component_hash: 5ea8e8da8217ed9ed778db3973139e726e17cd27ef5cf6429c787d19226c79f3
    dependencies:
    - name: idf
      registry_url: https://components.espressif.com
      require: private
      version: '>=4.1'
    - name: espressif/rmaker_common
      registry_url: https://components.espressif.com
      require: private
      version: ~1.4.0
    source:
      registry_url: https://components.espressif.com
      type: service
    version: 1.2.1
  espressif/esp_insights:
    dependencies: []
    source:
      path: D:\PKM\PelletQ-AI\firmware\servo_relay_test\components\espressif__esp_insights
      type: local
    version: '*'
  espressif/esp_modem:
    component_hash: 71c9f54fc512c60d93ea9763377ceb1d5b575a4616f3f3344440b97e2a38da29
    dependencies:
    - name: idf
      require: private
      version: '>=4.1'
    source:
      registry_url: https://components.espressif.com
      type: service
    version: 1.4.3
  espressif/esp_rainmaker:
    dependencies: []
    source:
      path: D:\PKM\PelletQ-AI\firmware\servo_relay_test\components\espressif__esp_rainmaker
      type: local
    version: '*'
  espressif/libsodium:
    component_hash: d4066b373fc6d4c5196db42aeea7faef4ac7f3080af96c2b74e2476c08b78dc1
    dependencies:
    - name: idf
      require: private
      version: '>=4.2'
    source:
      registry_url: https://components.espressif.com
      type: service
    version: 1.0.22~1
  espressif/mdns:
    component_hash: e81ca7a7f53ea34e78274df054da692c272e1315572876b237b1748e267c013b
    dependencies:
    - name: idf
      require: private
      version: '>=5.0'
    source:
      registry_url: https://components.espressif.com
      type: service
    version: 1.11.3
  espressif/network_provisioning:
    component_hash: ef2e10182fd1861e68b821491916327c25416ca7ae70e5a6e43313dbc71fe993
    dependencies:
    - name: idf
      registry_url: https://components.espressif.com
      require: private
      version: '>=5.1'
    source:
      registry_url: https://components.espressif.com
      type: service
    version: 1.0.2
  espressif/qrcode:
    component_hash: 3b493771bc5d6ad30cbf87c25bf784aada8a08c941504355b55d6b75518ed7bc
    dependencies: []
    source:
      registry_url: https://components.espressif.com
      type: service
    version: 0.1.0~2
  espressif/rmaker_common:
    component_hash: a3a1df881278d0351fc850b77792fe8a196ddd6dcacbea203d606329cc6a0239
    dependencies: []
    source:
      registry_url: https://components.espressif.com
      type: service
    version: 1.4.6
  idf:
    source:
      type: idf
    version: 5.4.1
  joltwallet/littlefs:
    component_hash: 3af20a3d75c49db9dc2286fd50862c34055c9f578419ad1f2bf7ed3ed01391fe
    dependencies:
    - name: idf
      require: private
      version: '>=5.0'
    source:
      registry_url: https://components.espressif.com
      type: service
    version: 1.22.3
direct_dependencies:
- espressif/arduino-esp32
- espressif/esp_insights
- espressif/esp_rainmaker
manifest_hash: 54fd81d7671d0e9eb92c204d24443d79ab1078d1ceac2898c837077ab9d3c2e9
target: esp32
version: 2.0.0
